{
  "pins" : [
    {
      "identity" : "collectionconcurrencykit",
      "kind" : "remoteSourceControl",
      "location" : "https://github.com/JohnSundell/CollectionConcurrencyKit.git",
      "state" : {
        "branch" : "main",
        "revision" : "b4f23e24b5a1bff301efc5e70871083ca029ff95"
      }
    },
    {
      "identity" : "compute",
      "kind" : "remoteSourceControl",
      "location" : "https://github.com/AndrewBarba/Compute",
      "state" : {
        "branch" : "main",
        "revision" : "9b8a3da040a58244f603b0b34fd99db7a13f71fb"
      }
    }
  ],
  "version" : 2
}
