{
  "pins" : [
    {
      "identity" : "collectionconcurrencykit",
      "kind" : "remoteSourceControl",
      "location" : "https://github.com/JohnSundell/CollectionConcurrencyKit.git",
      "state" : {
        "branch" : "main",
        "revision" : "b4f23e24b5a1bff301efc5e70871083ca029ff95"
      }
    },
    {
      "identity" : "compute",
      "kind" : "remoteSourceControl",
      "location" : "https://github.com/AndrewBarba/Compute",
      "state" : {
        "branch" : "main",
        "revision" : "b11b4409450f21eaf802f719772ebf7ed0e77fda"
      }
    }
  ],
  "version" : 2
}
